// !$*UTF8*$!
{
	archiveVersion = 1;
	classes = {
	};
	objectVersion = 55;
	objects = {

/* Begin PBXBuildFile section */
		014FD1C22780F7CB00C2A506 /* Tests_iOS.swift in Sources */ = {isa = PBXBuildFile; fileRef = 014FD1C12780F7CB00C2A506 /* Tests_iOS.swift */; };
		014FD1C42780F7CB00C2A506 /* Tests_iOSLaunchTests.swift in Sources */ = {isa = PBXBuildFile; fileRef = 014FD1C32780F7CB00C2A506 /* Tests_iOSLaunchTests.swift */; };
		014FD1CE2780F7CB00C2A506 /* Tests_macOS.swift in Sources */ = {isa = PBXBuildFile; fileRef = 014FD1CD2780F7CB00C2A506 /* Tests_macOS.swift */; };
		014FD1D02780F7CB00C2A506 /* Tests_macOSLaunchTests.swift in Sources */ = {isa = PBXBuildFile; fileRef = 014FD1CF2780F7CB00C2A506 /* Tests_macOSLaunchTests.swift */; };
		014FD1D12780F7CB00C2A506 /* Ginnee_AppApp.swift in Sources */ = {isa = PBXBuildFile; fileRef = 014FD1A92780F7C800C2A506 /* Ginnee_AppApp.swift */; };
		014FD1D22780F7CB00C2A506 /* Ginnee_AppApp.swift in Sources */ = {isa = PBXBuildFile; fileRef = 014FD1A92780F7C800C2A506 /* Ginnee_AppApp.swift */; };
		014FD1D32780F7CB00C2A506 /* ContentView.swift in Sources */ = {isa = PBXBuildFile; fileRef = 014FD1AA2780F7C800C2A506 /* ContentView.swift */; };
		014FD1D42780F7CB00C2A506 /* ContentView.swift in Sources */ = {isa = PBXBuildFile; fileRef = 014FD1AA2780F7C800C2A506 /* ContentView.swift */; };
		014FD1D52780F7CB00C2A506 /* Assets.xcassets in Resources */ = {isa = PBXBuildFile; fileRef = 014FD1AB2780F7CB00C2A506 /* Assets.xcassets */; };
		014FD1D62780F7CB00C2A506 /* Assets.xcassets in Resources */ = {isa = PBXBuildFile; fileRef = 014FD1AB2780F7CB00C2A506 /* Assets.xcassets */; };
/* End PBXBuildFile section */

/* Begin PBXContainerItemProxy section */
		014FD1BE2780F7CB00C2A506 /* PBXContainerItemProxy */ = {
			isa = PBXContainerItemProxy;
			containerPortal = 014FD1A42780F7C800C2A506 /* Project object */;
			proxyType = 1;
			remoteGlobalIDString = 014FD1AF2780F7CB00C2A506;
			remoteInfo = "Ginnee App (iOS)";
		};
		014FD1CA2780F7CB00C2A506 /* PBXContainerItemProxy */ = {
			isa = PBXContainerItemProxy;
			containerPortal = 014FD1A42780F7C800C2A506 /* Project object */;
			proxyType = 1;
			remoteGlobalIDString = 014FD1B52780F7CB00C2A506;
			remoteInfo = "Ginnee App (macOS)";
		};
/* End PBXContainerItemProxy section */

/* Begin PBXFileReference section */
		014FD1A92780F7C800C2A506 /* Ginnee_AppApp.swift */ = {isa = PBXFileReference; lastKnownFileType = sourcecode.swift; path = Ginnee_AppApp.swift; sourceTree = "<group>"; };
		014FD1AA2780F7C800C2A506 /* ContentView.swift */ = {isa = PBXFileReference; lastKnownFileType = sourcecode.swift; path = ContentView.swift; sourceTree = "<group>"; };
		014FD1AB2780F7CB00C2A506 /* Assets.xcassets */ = {isa = PBXFileReference; lastKnownFileType = folder.assetcatalog; path = Assets.xcassets; sourceTree = "<group>"; };
		014FD1B02780F7CB00C2A506 /* Ginnee App.app */ = {isa = PBXFileReference; explicitFileType = wrapper.application; includeInIndex = 0; path = "Ginnee App.app"; sourceTree = BUILT_PRODUCTS_DIR; };
		014FD1B62780F7CB00C2A506 /* Ginnee App.app */ = {isa = PBXFileReference; explicitFileType = wrapper.application; includeInIndex = 0; path = "Ginnee App.app"; sourceTree = BUILT_PRODUCTS_DIR; };
		014FD1B82780F7CB00C2A506 /* macOS.entitlements */ = {isa = PBXFileReference; lastKnownFileType = text.plist.entitlements; path = macOS.entitlements; sourceTree = "<group>"; };
		014FD1BD2780F7CB00C2A506 /* Tests iOS.xctest */ = {isa = PBXFileReference; explicitFileType = wrapper.cfbundle; includeInIndex = 0; path = "Tests iOS.xctest"; sourceTree = BUILT_PRODUCTS_DIR; };
		014FD1C12780F7CB00C2A506 /* Tests_iOS.swift */ = {isa = PBXFileReference; lastKnownFileType = sourcecode.swift; path = Tests_iOS.swift; sourceTree = "<group>"; };
		014FD1C32780F7CB00C2A506 /* Tests_iOSLaunchTests.swift */ = {isa = PBXFileReference; lastKnownFileType = sourcecode.swift; path = Tests_iOSLaunchTests.swift; sourceTree = "<group>"; };
		014FD1C92780F7CB00C2A506 /* Tests macOS.xctest */ = {isa = PBXFileReference; explicitFileType = wrapper.cfbundle; includeInIndex = 0; path = "Tests macOS.xctest"; sourceTree = BUILT_PRODUCTS_DIR; };
		014FD1CD2780F7CB00C2A506 /* Tests_macOS.swift */ = {isa = PBXFileReference; lastKnownFileType = sourcecode.swift; path = Tests_macOS.swift; sourceTree = "<group>"; };
		014FD1CF2780F7CB00C2A506 /* Tests_macOSLaunchTests.swift */ = {isa = PBXFileReference; lastKnownFileType = sourcecode.swift; path = Tests_macOSLaunchTests.swift; sourceTree = "<group>"; };
/* End PBXFileReference section */

/* Begin PBXFrameworksBuildPhase section */
		014FD1AD2780F7CB00C2A506 /* Frameworks */ = {
			isa = PBXFrameworksBuildPhase;
			buildActionMask = 2147483647;
			files = (
			);
			runOnlyForDeploymentPostprocessing = 0;
		};
		014FD1B32780F7CB00C2A506 /* Frameworks */ = {
			isa = PBXFrameworksBuildPhase;
			buildActionMask = 2147483647;
			files = (
			);
			runOnlyForDeploymentPostprocessing = 0;
		};
		014FD1BA2780F7CB00C2A506 /* Frameworks */ = {
			isa = PBXFrameworksBuildPhase;
			buildActionMask = 2147483647;
			files = (
			);
			runOnlyForDeploymentPostprocessing = 0;
		};
		014FD1C62780F7CB00C2A506 /* Frameworks */ = {
			isa = PBXFrameworksBuildPhase;
			buildActionMask = 2147483647;
			files = (
			);
			runOnlyForDeploymentPostprocessing = 0;
		};
/* End PBXFrameworksBuildPhase section */

/* Begin PBXGroup section */
		014FD1A32780F7C800C2A506 = {
			isa = PBXGroup;
			children = (
				014FD1A82780F7C800C2A506 /* Shared */,
				014FD1B72780F7CB00C2A506 /* macOS */,
				014FD1C02780F7CB00C2A506 /* Tests iOS */,
				014FD1CC2780F7CB00C2A506 /* Tests macOS */,
				014FD1B12780F7CB00C2A506 /* Products */,
			);
			sourceTree = "<group>";
		};
		014FD1A82780F7C800C2A506 /* Shared */ = {
			isa = PBXGroup;
			children = (
				014FD1A92780F7C800C2A506 /* Ginnee_AppApp.swift */,
				014FD1AA2780F7C800C2A506 /* ContentView.swift */,
				014FD1AB2780F7CB00C2A506 /* Assets.xcassets */,
			);
			path = Shared;
			sourceTree = "<group>";
		};
		014FD1B12780F7CB00C2A506 /* Products */ = {
			isa = PBXGroup;
			children = (
				014FD1B02780F7CB00C2A506 /* Ginnee App.app */,
				014FD1B62780F7CB00C2A506 /* Ginnee App.app */,
				014FD1BD2780F7CB00C2A506 /* Tests iOS.xctest */,
				014FD1C92780F7CB00C2A506 /* Tests macOS.xctest */,
			);
			name = Products;
			sourceTree = "<group>";
		};
		014FD1B72780F7CB00C2A506 /* macOS */ = {
			isa = PBXGroup;
			children = (
				014FD1B82780F7CB00C2A506 /* macOS.entitlements */,
			);
			path = macOS;
			sourceTree = "<group>";
		};
		014FD1C02780F7CB00C2A506 /* Tests iOS */ = {
			isa = PBXGroup;
			children = (
				014FD1C12780F7CB00C2A506 /* Tests_iOS.swift */,
				014FD1C32780F7CB00C2A506 /* Tests_iOSLaunchTests.swift */,
			);
			path = "Tests iOS";
			sourceTree = "<group>";
		};
		014FD1CC2780F7CB00C2A506 /* Tests macOS */ = {
			isa = PBXGroup;
			children = (
				014FD1CD2780F7CB00C2A506 /* Tests_macOS.swift */,
				014FD1CF2780F7CB00C2A506 /* Tests_macOSLaunchTests.swift */,
			);
			path = "Tests macOS";
			sourceTree = "<group>";
		};
/* End PBXGroup section */

/* Begin PBXNativeTarget section */
		014FD1AF2780F7CB00C2A506 /* Ginnee App (iOS) */ = {
			isa = PBXNativeTarget;
			buildConfigurationList = 014FD1D92780F7CB00C2A506 /* Build configuration list for PBXNativeTarget "Ginnee App (iOS)" */;
			buildPhases = (
				014FD1AC2780F7CB00C2A506 /* Sources */,
				014FD1AD2780F7CB00C2A506 /* Frameworks */,
				014FD1AE2780F7CB00C2A506 /* Resources */,
			);
			buildRules = (
			);
			dependencies = (
			);
			name = "Ginnee App (iOS)";
			productName = "Ginnee App (iOS)";
			productReference = 014FD1B02780F7CB00C2A506 /* Ginnee App.app */;
			productType = "com.apple.product-type.application";
		};
		014FD1B52780F7CB00C2A506 /* Ginnee App (macOS) */ = {
			isa = PBXNativeTarget;
			buildConfigurationList = 014FD1DC2780F7CB00C2A506 /* Build configuration list for PBXNativeTarget "Ginnee App (macOS)" */;
			buildPhases = (
				014FD1B22780F7CB00C2A506 /* Sources */,
				014FD1B32780F7CB00C2A506 /* Frameworks */,
				014FD1B42780F7CB00C2A506 /* Resources */,
			);
			buildRules = (
			);
			dependencies = (
			);
			name = "Ginnee App (macOS)";
			productName = "Ginnee App (macOS)";
			productReference = 014FD1B62780F7CB00C2A506 /* Ginnee App.app */;
			productType = "com.apple.product-type.application";
		};
		014FD1BC2780F7CB00C2A506 /* Tests iOS */ = {
			isa = PBXNativeTarget;
			buildConfigurationList = 014FD1DF2780F7CB00C2A506 /* Build configuration list for PBXNativeTarget "Tests iOS" */;
			buildPhases = (
				014FD1B92780F7CB00C2A506 /* Sources */,
				014FD1BA2780F7CB00C2A506 /* Frameworks */,
				014FD1BB2780F7CB00C2A506 /* Resources */,
			);
			buildRules = (
			);
			dependencies = (
				014FD1BF2780F7CB00C2A506 /* PBXTargetDependency */,
			);
			name = "Tests iOS";
			productName = "Tests iOS";
			productReference = 014FD1BD2780F7CB00C2A506 /* Tests iOS.xctest */;
			productType = "com.apple.product-type.bundle.ui-testing";
		};
		014FD1C82780F7CB00C2A506 /* Tests macOS */ = {
			isa = PBXNativeTarget;
			buildConfigurationList = 014FD1E22780F7CB00C2A506 /* Build configuration list for PBXNativeTarget "Tests macOS" */;
			buildPhases = (
				014FD1C52780F7CB00C2A506 /* Sources */,
				014FD1C62780F7CB00C2A506 /* Frameworks */,
				014FD1C72780F7CB00C2A506 /* Resources */,
			);
			buildRules = (
			);
			dependencies = (
				014FD1CB2780F7CB00C2A506 /* PBXTargetDependency */,
			);
			name = "Tests macOS";
			productName = "Tests macOS";
			productReference = 014FD1C92780F7CB00C2A506 /* Tests macOS.xctest */;
			productType = "com.apple.product-type.bundle.ui-testing";
		};
/* End PBXNativeTarget section */

/* Begin PBXProject section */
		014FD1A42780F7C800C2A506 /* Project object */ = {
			isa = PBXProject;
			attributes = {
				BuildIndependentTargetsInParallel = 1;
				LastSwiftUpdateCheck = 1310;
				LastUpgradeCheck = 1310;
				TargetAttributes = {
					014FD1AF2780F7CB00C2A506 = {
						CreatedOnToolsVersion = 13.1;
					};
					014FD1B52780F7CB00C2A506 = {
						CreatedOnToolsVersion = 13.1;
					};
					014FD1BC2780F7CB00C2A506 = {
						CreatedOnToolsVersion = 13.1;
						TestTargetID = 014FD1AF2780F7CB00C2A506;
					};
					014FD1C82780F7CB00C2A506 = {
						CreatedOnToolsVersion = 13.1;
						TestTargetID = 014FD1B52780F7CB00C2A506;
					};
				};
			};
			buildConfigurationList = 014FD1A72780F7C800C2A506 /* Build configuration list for PBXProject "Ginnee App" */;
			compatibilityVersion = "Xcode 13.0";
			developmentRegion = en;
			hasScannedForEncodings = 0;
			knownRegions = (
				en,
				Base,
			);
			mainGroup = 014FD1A32780F7C800C2A506;
			productRefGroup = 014FD1B12780F7CB00C2A506 /* Products */;
			projectDirPath = "";
			projectRoot = "";
			targets = (
				014FD1AF2780F7CB00C2A506 /* Ginnee App (iOS) */,
				014FD1B52780F7CB00C2A506 /* Ginnee App (macOS) */,
				014FD1BC2780F7CB00C2A506 /* Tests iOS */,
				014FD1C82780F7CB00C2A506 /* Tests macOS */,
			);
		};
/* End PBXProject section */

/* Begin PBXResourcesBuildPhase section */
		014FD1AE2780F7CB00C2A506 /* Resources */ = {
			isa = PBXResourcesBuildPhase;
			buildActionMask = 2147483647;
			files = (
				014FD1D52780F7CB00C2A506 /* Assets.xcassets in Resources */,
			);
			runOnlyForDeploymentPostprocessing = 0;
		};
		014FD1B42780F7CB00C2A506 /* Resources */ = {
			isa = PBXResourcesBuildPhase;
			buildActionMask = 2147483647;
			files = (
				014FD1D62780F7CB00C2A506 /* Assets.xcassets in Resources */,
			);
			runOnlyForDeploymentPostprocessing = 0;
		};
		014FD1BB2780F7CB00C2A506 /* Resources */ = {
			isa = PBXResourcesBuildPhase;
			buildActionMask = 2147483647;
			files = (
			);
			runOnlyForDeploymentPostprocessing = 0;
		};
		014FD1C72780F7CB00C2A506 /* Resources */ = {
			isa = PBXResourcesBuildPhase;
			buildActionMask = 2147483647;
			files = (
			);
			runOnlyForDeploymentPostprocessing = 0;
		};
/* End PBXResourcesBuildPhase section */

/* Begin PBXSourcesBuildPhase section */
		014FD1AC2780F7CB00C2A506 /* Sources */ = {
			isa = PBXSourcesBuildPhase;
			buildActionMask = 2147483647;
			files = (
				014FD1D32780F7CB00C2A506 /* ContentView.swift in Sources */,
				014FD1D12780F7CB00C2A506 /* Ginnee_AppApp.swift in Sources */,
			);
			runOnlyForDeploymentPostprocessing = 0;
		};
		014FD1B22780F7CB00C2A506 /* Sources */ = {
			isa = PBXSourcesBuildPhase;
			buildActionMask = 2147483647;
			files = (
				014FD1D42780F7CB00C2A506 /* ContentView.swift in Sources */,
				014FD1D22780F7CB00C2A506 /* Ginnee_AppApp.swift in Sources */,
			);
			runOnlyForDeploymentPostprocessing = 0;
		};
		014FD1B92780F7CB00C2A506 /* Sources */ = {
			isa = PBXSourcesBuildPhase;
			buildActionMask = 2147483647;
			files = (
				014FD1C42780F7CB00C2A506 /* Tests_iOSLaunchTests.swift in Sources */,
				014FD1C22780F7CB00C2A506 /* Tests_iOS.swift in Sources */,
			);
			runOnlyForDeploymentPostprocessing = 0;
		};
		014FD1C52780F7CB00C2A506 /* Sources */ = {
			isa = PBXSourcesBuildPhase;
			buildActionMask = 2147483647;
			files = (
				014FD1D02780F7CB00C2A506 /* Tests_macOSLaunchTests.swift in Sources */,
				014FD1CE2780F7CB00C2A506 /* Tests_macOS.swift in Sources */,
			);
			runOnlyForDeploymentPostprocessing = 0;
		};
/* End PBXSourcesBuildPhase section */

/* Begin PBXTargetDependency section */
		014FD1BF2780F7CB00C2A506 /* PBXTargetDependency */ = {
			isa = PBXTargetDependency;
			target = 014FD1AF2780F7CB00C2A506 /* Ginnee App (iOS) */;
			targetProxy = 014FD1BE2780F7CB00C2A506 /* PBXContainerItemProxy */;
		};
		014FD1CB2780F7CB00C2A506 /* PBXTargetDependency */ = {
			isa = PBXTargetDependency;
			target = 014FD1B52780F7CB00C2A506 /* Ginnee App (macOS) */;
			targetProxy = 014FD1CA2780F7CB00C2A506 /* PBXContainerItemProxy */;
		};
/* End PBXTargetDependency section */

/* Begin XCBuildConfiguration section */
		014FD1D72780F7CB00C2A506 /* Debug */ = {
			isa = XCBuildConfiguration;
			buildSettings = {
				ALWAYS_SEARCH_USER_PATHS = NO;
				CLANG_ANALYZER_NONNULL = YES;
				CLANG_ANALYZER_NUMBER_OBJECT_CONVERSION = YES_AGGRESSIVE;
				CLANG_CXX_LANGUAGE_STANDARD = "gnu++17";
				CLANG_CXX_LIBRARY = "libc++";
				CLANG_ENABLE_MODULES = YES;
				CLANG_ENABLE_OBJC_ARC = YES;
				CLANG_ENABLE_OBJC_WEAK = YES;
				CLANG_WARN_BLOCK_CAPTURE_AUTORELEASING = YES;
				CLANG_WARN_BOOL_CONVERSION = YES;
				CLANG_WARN_COMMA = YES;
				CLANG_WARN_CONSTANT_CONVERSION = YES;
				CLANG_WARN_DEPRECATED_OBJC_IMPLEMENTATIONS = YES;
				CLANG_WARN_DIRECT_OBJC_ISA_USAGE = YES_ERROR;
				CLANG_WARN_DOCUMENTATION_COMMENTS = YES;
				CLANG_WARN_EMPTY_BODY = YES;
				CLANG_WARN_ENUM_CONVERSION = YES;
				CLANG_WARN_INFINITE_RECURSION = YES;
				CLANG_WARN_INT_CONVERSION = YES;
				CLANG_WARN_NON_LITERAL_NULL_CONVERSION = YES;
				CLANG_WARN_OBJC_IMPLICIT_RETAIN_SELF = YES;
				CLANG_WARN_OBJC_LITERAL_CONVERSION = YES;
				CLANG_WARN_OBJC_ROOT_CLASS = YES_ERROR;
				CLANG_WARN_QUOTED_INCLUDE_IN_FRAMEWORK_HEADER = YES;
				CLANG_WARN_RANGE_LOOP_ANALYSIS = YES;
				CLANG_WARN_STRICT_PROTOTYPES = YES;
				CLANG_WARN_SUSPICIOUS_MOVE = YES;
				CLANG_WARN_UNGUARDED_AVAILABILITY = YES_AGGRESSIVE;
				CLANG_WARN_UNREACHABLE_CODE = YES;
				CLANG_WARN__DUPLICATE_METHOD_MATCH = YES;
				COPY_PHASE_STRIP = NO;
				DEBUG_INFORMATION_FORMAT = dwarf;
				ENABLE_STRICT_OBJC_MSGSEND = YES;
				ENABLE_TESTABILITY = YES;
				GCC_C_LANGUAGE_STANDARD = gnu11;
				GCC_DYNAMIC_NO_PIC = NO;
				GCC_NO_COMMON_BLOCKS = YES;
				GCC_OPTIMIZATION_LEVEL = 0;
				GCC_PREPROCESSOR_DEFINITIONS = (
					"DEBUG=1",
					"$(inherited)",
				);
				GCC_WARN_64_TO_32_BIT_CONVERSION = YES;
				GCC_WARN_ABOUT_RETURN_TYPE = YES_ERROR;
				GCC_WARN_UNDECLARED_SELECTOR = YES;
				GCC_WARN_UNINITIALIZED_AUTOS = YES_AGGRESSIVE;
				GCC_WARN_UNUSED_FUNCTION = YES;
				GCC_WARN_UNUSED_VARIABLE = YES;
				MTL_ENABLE_DEBUG_INFO = INCLUDE_SOURCE;
				MTL_FAST_MATH = YES;
				ONLY_ACTIVE_ARCH = YES;
				SWIFT_ACTIVE_COMPILATION_CONDITIONS = DEBUG;
				SWIFT_OPTIMIZATION_LEVEL = "-Onone";
			};
			name = Debug;
		};
		014FD1D82780F7CB00C2A506 /* Release */ = {
			isa = XCBuildConfiguration;
			buildSettings = {
				ALWAYS_SEARCH_USER_PATHS = NO;
				CLANG_ANALYZER_NONNULL = YES;
				CLANG_ANALYZER_NUMBER_OBJECT_CONVERSION = YES_AGGRESSIVE;
				CLANG_CXX_LANGUAGE_STANDARD = "gnu++17";
				CLANG_CXX_LIBRARY = "libc++";
				CLANG_ENABLE_MODULES = YES;
				CLANG_ENABLE_OBJC_ARC = YES;
				CLANG_ENABLE_OBJC_WEAK = YES;
				CLANG_WARN_BLOCK_CAPTURE_AUTORELEASING = YES;
				CLANG_WARN_BOOL_CONVERSION = YES;
				CLANG_WARN_COMMA = YES;
				CLANG_WARN_CONSTANT_CONVERSION = YES;
				CLANG_WARN_DEPRECATED_OBJC_IMPLEMENTATIONS = YES;
				CLANG_WARN_DIRECT_OBJC_ISA_USAGE = YES_ERROR;
				CLANG_WARN_DOCUMENTATION_COMMENTS = YES;
				CLANG_WARN_EMPTY_BODY = YES;
				CLANG_WARN_ENUM_CONVERSION = YES;
				CLANG_WARN_INFINITE_RECURSION = YES;
				CLANG_WARN_INT_CONVERSION = YES;
				CLANG_WARN_NON_LITERAL_NULL_CONVERSION = YES;
				CLANG_WARN_OBJC_IMPLICIT_RETAIN_SELF = YES;
				CLANG_WARN_OBJC_LITERAL_CONVERSION = YES;
				CLANG_WARN_OBJC_ROOT_CLASS = YES_ERROR;
				CLANG_WARN_QUOTED_INCLUDE_IN_FRAMEWORK_HEADER = YES;
				CLANG_WARN_RANGE_LOOP_ANALYSIS = YES;
				CLANG_WARN_STRICT_PROTOTYPES = YES;
				CLANG_WARN_SUSPICIOUS_MOVE = YES;
				CLANG_WARN_UNGUARDED_AVAILABILITY = YES_AGGRESSIVE;
				CLANG_WARN_UNREACHABLE_CODE = YES;
				CLANG_WARN__DUPLICATE_METHOD_MATCH = YES;
				COPY_PHASE_STRIP = NO;
				DEBUG_INFORMATION_FORMAT = "dwarf-with-dsym";
				ENABLE_NS_ASSERTIONS = NO;
				ENABLE_STRICT_OBJC_MSGSEND = YES;
				GCC_C_LANGUAGE_STANDARD = gnu11;
				GCC_NO_COMMON_BLOCKS = YES;
				GCC_WARN_64_TO_32_BIT_CONVERSION = YES;
				GCC_WARN_ABOUT_RETURN_TYPE = YES_ERROR;
				GCC_WARN_UNDECLARED_SELECTOR = YES;
				GCC_WARN_UNINITIALIZED_AUTOS = YES_AGGRESSIVE;
				GCC_WARN_UNUSED_FUNCTION = YES;
				GCC_WARN_UNUSED_VARIABLE = YES;
				MTL_ENABLE_DEBUG_INFO = NO;
				MTL_FAST_MATH = YES;
				SWIFT_COMPILATION_MODE = wholemodule;
				SWIFT_OPTIMIZATION_LEVEL = "-O";
			};
			name = Release;
		};
		014FD1DA2780F7CB00C2A506 /* Debug */ = {
			isa = XCBuildConfiguration;
			buildSettings = {
				ASSETCATALOG_COMPILER_APPICON_NAME = AppIcon;
				ASSETCATALOG_COMPILER_GLOBAL_ACCENT_COLOR_NAME = AccentColor;
				CODE_SIGN_STYLE = Automatic;
				CURRENT_PROJECT_VERSION = 1;
				DEVELOPMENT_TEAM = KB4RSDYFD4;
				ENABLE_PREVIEWS = YES;
				GENERATE_INFOPLIST_FILE = YES;
				INFOPLIST_KEY_UIApplicationSceneManifest_Generation = YES;
				INFOPLIST_KEY_UIApplicationSupportsIndirectInputEvents = YES;
				INFOPLIST_KEY_UILaunchScreen_Generation = YES;
				INFOPLIST_KEY_UISupportedInterfaceOrientations_iPad = "UIInterfaceOrientationPortrait UIInterfaceOrientationPortraitUpsideDown UIInterfaceOrientationLandscapeLeft UIInterfaceOrientationLandscapeRight";
				INFOPLIST_KEY_UISupportedInterfaceOrientations_iPhone = "UIInterfaceOrientationPortrait UIInterfaceOrientationLandscapeLeft UIInterfaceOrientationLandscapeRight";
				IPHONEOS_DEPLOYMENT_TARGET = 15.0;
				LD_RUNPATH_SEARCH_PATHS = (
					"$(inherited)",
					"@executable_path/Frameworks",
				);
				MARKETING_VERSION = 1.0;
				PRODUCT_BUNDLE_IDENTIFIER = "com.ginnee.app.Ginnee-App";
				PRODUCT_NAME = "Ginnee App";
				SDKROOT = iphoneos;
				SWIFT_EMIT_LOC_STRINGS = YES;
				SWIFT_VERSION = 5.0;
				TARGETED_DEVICE_FAMILY = "1,2";
			};
			name = Debug;
		};
		014FD1DB2780F7CB00C2A506 /* Release */ = {
			isa = XCBuildConfiguration;
			buildSettings = {
				ASSETCATALOG_COMPILER_APPICON_NAME = AppIcon;
				ASSETCATALOG_COMPILER_GLOBAL_ACCENT_COLOR_NAME = AccentColor;
				CODE_SIGN_STYLE = Automatic;
				CURRENT_PROJECT_VERSION = 1;
				DEVELOPMENT_TEAM = KB4RSDYFD4;
				ENABLE_PREVIEWS = YES;
				GENERATE_INFOPLIST_FILE = YES;
				INFOPLIST_KEY_UIApplicationSceneManifest_Generation = YES;
				INFOPLIST_KEY_UIApplicationSupportsIndirectInputEvents = YES;
				INFOPLIST_KEY_UILaunchScreen_Generation = YES;
				INFOPLIST_KEY_UISupportedInterfaceOrientations_iPad = "UIInterfaceOrientationPortrait UIInterfaceOrientationPortraitUpsideDown UIInterfaceOrientationLandscapeLeft UIInterfaceOrientationLandscapeRight";
				INFOPLIST_KEY_UISupportedInterfaceOrientations_iPhone = "UIInterfaceOrientationPortrait UIInterfaceOrientationLandscapeLeft UIInterfaceOrientationLandscapeRight";
				IPHONEOS_DEPLOYMENT_TARGET = 15.0;
				LD_RUNPATH_SEARCH_PATHS = (
					"$(inherited)",
					"@executable_path/Frameworks",
				);
				MARKETING_VERSION = 1.0;
				PRODUCT_BUNDLE_IDENTIFIER = "com.ginnee.app.Ginnee-App";
				PRODUCT_NAME = "Ginnee App";
				SDKROOT = iphoneos;
				SWIFT_EMIT_LOC_STRINGS = YES;
				SWIFT_VERSION = 5.0;
				TARGETED_DEVICE_FAMILY = "1,2";
				VALIDATE_PRODUCT = YES;
			};
			name = Release;
		};
		014FD1DD2780F7CB00C2A506 /* Debug */ = {
			isa = XCBuildConfiguration;
			buildSettings = {
				ASSETCATALOG_COMPILER_APPICON_NAME = AppIcon;
				ASSETCATALOG_COMPILER_GLOBAL_ACCENT_COLOR_NAME = AccentColor;
				CODE_SIGN_ENTITLEMENTS = macOS/macOS.entitlements;
				CODE_SIGN_STYLE = Automatic;
				COMBINE_HIDPI_IMAGES = YES;
				CURRENT_PROJECT_VERSION = 1;
				DEVELOPMENT_TEAM = KB4RSDYFD4;
				ENABLE_HARDENED_RUNTIME = YES;
				ENABLE_PREVIEWS = YES;
				GENERATE_INFOPLIST_FILE = YES;
				INFOPLIST_KEY_NSHumanReadableCopyright = "";
				LD_RUNPATH_SEARCH_PATHS = (
					"$(inherited)",
					"@executable_path/../Frameworks",
				);
				MACOSX_DEPLOYMENT_TARGET = 11.4;
				MARKETING_VERSION = 1.0;
				PRODUCT_BUNDLE_IDENTIFIER = "com.ginnee.app.Ginnee-App";
				PRODUCT_NAME = "Ginnee App";
				SDKROOT = macosx;
				SWIFT_EMIT_LOC_STRINGS = YES;
				SWIFT_VERSION = 5.0;
			};
			name = Debug;
		};
		014FD1DE2780F7CB00C2A506 /* Release */ = {
			isa = XCBuildConfiguration;
			buildSettings = {
				ASSETCATALOG_COMPILER_APPICON_NAME = AppIcon;
				ASSETCATALOG_COMPILER_GLOBAL_ACCENT_COLOR_NAME = AccentColor;
				CODE_SIGN_ENTITLEMENTS = macOS/macOS.entitlements;
				CODE_SIGN_STYLE = Automatic;
				COMBINE_HIDPI_IMAGES = YES;
				CURRENT_PROJECT_VERSION = 1;
				DEVELOPMENT_TEAM = KB4RSDYFD4;
				ENABLE_HARDENED_RUNTIME = YES;
				ENABLE_PREVIEWS = YES;
				GENERATE_INFOPLIST_FILE = YES;
				INFOPLIST_KEY_NSHumanReadableCopyright = "";
				LD_RUNPATH_SEARCH_PATHS = (
					"$(inherited)",
					"@executable_path/../Frameworks",
				);
				MACOSX_DEPLOYMENT_TARGET = 11.4;
				MARKETING_VERSION = 1.0;
				PRODUCT_BUNDLE_IDENTIFIER = "com.ginnee.app.Ginnee-App";
				PRODUCT_NAME = "Ginnee App";
				SDKROOT = macosx;
				SWIFT_EMIT_LOC_STRINGS = YES;
				SWIFT_VERSION = 5.0;
			};
			name = Release;
		};
		014FD1E02780F7CB00C2A506 /* Debug */ = {
			isa = XCBuildConfiguration;
			buildSettings = {
				ALWAYS_EMBED_SWIFT_STANDARD_LIBRARIES = YES;
				CODE_SIGN_STYLE = Automatic;
				CURRENT_PROJECT_VERSION = 1;
				DEVELOPMENT_TEAM = KB4RSDYFD4;
				GENERATE_INFOPLIST_FILE = YES;
				IPHONEOS_DEPLOYMENT_TARGET = 15.0;
				LD_RUNPATH_SEARCH_PATHS = (
					"$(inherited)",
					"@executable_path/Frameworks",
					"@loader_path/Frameworks",
				);
				MARKETING_VERSION = 1.0;
				PRODUCT_BUNDLE_IDENTIFIER = "com.ginnee.app.Tests-iOS";
				PRODUCT_NAME = "$(TARGET_NAME)";
				SDKROOT = iphoneos;
				SWIFT_EMIT_LOC_STRINGS = NO;
				SWIFT_VERSION = 5.0;
				TARGETED_DEVICE_FAMILY = "1,2";
				TEST_TARGET_NAME = "Ginnee App (iOS)";
			};
			name = Debug;
		};
		014FD1E12780F7CB00C2A506 /* Release */ = {
			isa = XCBuildConfiguration;
			buildSettings = {
				ALWAYS_EMBED_SWIFT_STANDARD_LIBRARIES = YES;
				CODE_SIGN_STYLE = Automatic;
				CURRENT_PROJECT_VERSION = 1;
				DEVELOPMENT_TEAM = KB4RSDYFD4;
				GENERATE_INFOPLIST_FILE = YES;
				IPHONEOS_DEPLOYMENT_TARGET = 15.0;
				LD_RUNPATH_SEARCH_PATHS = (
					"$(inherited)",
					"@executable_path/Frameworks",
					"@loader_path/Frameworks",
				);
				MARKETING_VERSION = 1.0;
				PRODUCT_BUNDLE_IDENTIFIER = "com.ginnee.app.Tests-iOS";
				PRODUCT_NAME = "$(TARGET_NAME)";
				SDKROOT = iphoneos;
				SWIFT_EMIT_LOC_STRINGS = NO;
				SWIFT_VERSION = 5.0;
				TARGETED_DEVICE_FAMILY = "1,2";
				TEST_TARGET_NAME = "Ginnee App (iOS)";
				VALIDATE_PRODUCT = YES;
			};
			name = Release;
		};
		014FD1E32780F7CB00C2A506 /* Debug */ = {
			isa = XCBuildConfiguration;
			buildSettings = {
				ALWAYS_EMBED_SWIFT_STANDARD_LIBRARIES = YES;
				CODE_SIGN_STYLE = Automatic;
				COMBINE_HIDPI_IMAGES = YES;
				CURRENT_PROJECT_VERSION = 1;
				DEVELOPMENT_TEAM = KB4RSDYFD4;
				GENERATE_INFOPLIST_FILE = YES;
				LD_RUNPATH_SEARCH_PATHS = (
					"$(inherited)",
					"@executable_path/../Frameworks",
					"@loader_path/../Frameworks",
				);
				MACOSX_DEPLOYMENT_TARGET = 11.4;
				MARKETING_VERSION = 1.0;
				PRODUCT_BUNDLE_IDENTIFIER = "com.ginnee.app.Tests-macOS";
				PRODUCT_NAME = "$(TARGET_NAME)";
				SDKROOT = macosx;
				SWIFT_EMIT_LOC_STRINGS = NO;
				SWIFT_VERSION = 5.0;
				TEST_TARGET_NAME = "Ginnee App (macOS)";
			};
			name = Debug;
		};
		014FD1E42780F7CB00C2A506 /* Release */ = {
			isa = XCBuildConfiguration;
			buildSettings = {
				ALWAYS_EMBED_SWIFT_STANDARD_LIBRARIES = YES;
				CODE_SIGN_STYLE = Automatic;
				COMBINE_HIDPI_IMAGES = YES;
				CURRENT_PROJECT_VERSION = 1;
				DEVELOPMENT_TEAM = KB4RSDYFD4;
				GENERATE_INFOPLIST_FILE = YES;
				LD_RUNPATH_SEARCH_PATHS = (
					"$(inherited)",
					"@executable_path/../Frameworks",
					"@loader_path/../Frameworks",
				);
				MACOSX_DEPLOYMENT_TARGET = 11.4;
				MARKETING_VERSION = 1.0;
				PRODUCT_BUNDLE_IDENTIFIER = "com.ginnee.app.Tests-macOS";
				PRODUCT_NAME = "$(TARGET_NAME)";
				SDKROOT = macosx;
				SWIFT_EMIT_LOC_STRINGS = NO;
				SWIFT_VERSION = 5.0;
				TEST_TARGET_NAME = "Ginnee App (macOS)";
			};
			name = Release;
		};
/* End XCBuildConfiguration section */

/* Begin XCConfigurationList section */
		014FD1A72780F7C800C2A506 /* Build configuration list for PBXProject "Ginnee App" */ = {
			isa = XCConfigurationList;
			buildConfigurations = (
				014FD1D72780F7CB00C2A506 /* Debug */,
				014FD1D82780F7CB00C2A506 /* Release */,
			);
			defaultConfigurationIsVisible = 0;
			defaultConfigurationName = Release;
		};
		014FD1D92780F7CB00C2A506 /* Build configuration list for PBXNativeTarget "Ginnee App (iOS)" */ = {
			isa = XCConfigurationList;
			buildConfigurations = (
				014FD1DA2780F7CB00C2A506 /* Debug */,
				014FD1DB2780F7CB00C2A506 /* Release */,
			);
			defaultConfigurationIsVisible = 0;
			defaultConfigurationName = Release;
		};
		014FD1DC2780F7CB00C2A506 /* Build configuration list for PBXNativeTarget "Ginnee App (macOS)" */ = {
			isa = XCConfigurationList;
			buildConfigurations = (
				014FD1DD2780F7CB00C2A506 /* Debug */,
				014FD1DE2780F7CB00C2A506 /* Release */,
			);
			defaultConfigurationIsVisible = 0;
			defaultConfigurationName = Release;
		};
		014FD1DF2780F7CB00C2A506 /* Build configuration list for PBXNativeTarget "Tests iOS" */ = {
			isa = XCConfigurationList;
			buildConfigurations = (
				014FD1E02780F7CB00C2A506 /* Debug */,
				014FD1E12780F7CB00C2A506 /* Release */,
			);
			defaultConfigurationIsVisible = 0;
			defaultConfigurationName = Release;
		};
		014FD1E22780F7CB00C2A506 /* Build configuration list for PBXNativeTarget "Tests macOS" */ = {
			isa = XCConfigurationList;
			buildConfigurations = (
				014FD1E32780F7CB00C2A506 /* Debug */,
				014FD1E42780F7CB00C2A506 /* Release */,
			);
			defaultConfigurationIsVisible = 0;
			defaultConfigurationName = Release;
		};
/* End XCConfigurationList section */
	};
	rootObject = 014FD1A42780F7C800C2A506 /* Project object */;
}
